
Microsoft Visual Studio Solution File, Format Version 12.00
# Visual Studio Version 17
VisualStudioVersion = 17.8.34511.84
MinimumVisualStudioVersion = 10.0.40219.1
Project("{9A19103F-16F7-4668-BE54-9A1E7A4F7556}") = "EncryptLocker.DataService", "EncryptLocker.DataService\EncryptLocker.DataService.csproj", "{A9DBA12A-D665-4471-B1F0-3F0F58310879}"
EndProject
Project("{2150E333-8FDC-42A3-9474-1A3956D46DE8}") = "Protos", "Protos", "{E2837E5E-9C19-4DDD-B8C8-9CBA9F12B889}"
	ProjectSection(SolutionItems) = preProject
		Protos\accessrightmessages.proto = Protos\accessrightmessages.proto
		Protos\encryptlocker.proto = Protos\encryptlocker.proto
		Protos\lockermessages.proto = Protos\lockermessages.proto
		Protos\safeentrymessages.proto = Protos\safeentrymessages.proto
		Protos\sharedmessages.proto = Protos\sharedmessages.proto
	EndProjectSection
EndProject
Project("{9A19103F-16F7-4668-BE54-9A1E7A4F7556}") = "EncryptLocker.Database", "EncryptLocker.Database\EncryptLocker.Database.csproj", "{6B8E30E7-6AF4-47C6-A7E6-99EC2B843AC6}"
EndProject
Project("{9A19103F-16F7-4668-BE54-9A1E7A4F7556}") = "EncryptLocker.Website", "EncryptLocker.Website\EncryptLocker.Website.csproj", "{B768665E-0FD6-47C2-B658-43B84BA97CD9}"
EndProject
Global
	GlobalSection(SolutionConfigurationPlatforms) = preSolution
		Debug|Any CPU = Debug|Any CPU
		Release|Any CPU = Release|Any CPU
	EndGlobalSection
	GlobalSection(ProjectConfigurationPlatforms) = postSolution
		{A9DBA12A-D665-4471-B1F0-3F0F58310879}.Debug|Any CPU.ActiveCfg = Debug|Any CPU
		{A9DBA12A-D665-4471-B1F0-3F0F58310879}.Debug|Any CPU.Build.0 = Debug|Any CPU
		{A9DBA12A-D665-4471-B1F0-3F0F58310879}.Release|Any CPU.ActiveCfg = Release|Any CPU
		{A9DBA12A-D665-4471-B1F0-3F0F58310879}.Release|Any CPU.Build.0 = Release|Any CPU
		{6B8E30E7-6AF4-47C6-A7E6-99EC2B843AC6}.Debug|Any CPU.ActiveCfg = Debug|Any CPU
		{6B8E30E7-6AF4-47C6-A7E6-99EC2B843AC6}.Debug|Any CPU.Build.0 = Debug|Any CPU
		{6B8E30E7-6AF4-47C6-A7E6-99EC2B843AC6}.Release|Any CPU.ActiveCfg = Release|Any CPU
		{6B8E30E7-6AF4-47C6-A7E6-99EC2B843AC6}.Release|Any CPU.Build.0 = Release|Any CPU
		{B768665E-0FD6-47C2-B658-43B84BA97CD9}.Debug|Any CPU.ActiveCfg = Debug|Any CPU
		{B768665E-0FD6-47C2-B658-43B84BA97CD9}.Debug|Any CPU.Build.0 = Debug|Any CPU
		{B768665E-0FD6-47C2-B658-43B84BA97CD9}.Release|Any CPU.ActiveCfg = Release|Any CPU
		{B768665E-0FD6-47C2-B658-43B84BA97CD9}.Release|Any CPU.Build.0 = Release|Any CPU
	EndGlobalSection
	GlobalSection(SolutionProperties) = preSolution
		HideSolutionNode = FALSE
	EndGlobalSection
	GlobalSection(ExtensibilityGlobals) = postSolution
		SolutionGuid = {AB0B5FBE-B7EB-4620-9ACB-4A9C24AB9A93}
	EndGlobalSection
EndGlobal
